
Microsoft Visual Studio Solution File, Format Version 12.00
# Visual Studio Version 18
VisualStudioVersion = 18.4.11626.88
MinimumVisualStudioVersion = 10.0.40219.1
Project("{FAE04EC0-301F-11D3-BF4B-00C04F79EFBC}") = "Mystic-Journey-API", "Mystic-Journey-API\Mystic-Journey-API.csproj", "{87666C55-670B-4468-9977-148EA79F1593}"
EndProject
Project("{FAE04EC0-301F-11D3-BF4B-00C04F79EFBC}") = "DAL", "DAL\DAL.csproj", "{12357D34-2A02-1ECD-BC6C-D84ADDC1A72E}"
EndProject
Project("{FAE04EC0-301F-11D3-BF4B-00C04F79EFBC}") = "BLL", "BLL\BLL.csproj", "{5875EBB1-01BE-2D17-3613-D0BAD09CBB40}"
EndProject
Project("{FAE04EC0-301F-11D3-BF4B-00C04F79EFBC}") = "MysticJourneyBE.Tests", "..\MysticJourneyBE.Tests\MysticJourneyBE.Tests.csproj", "{2B54F4BC-482B-4690-AC59-A78C66CFDDA5}"
EndProject
Global
	GlobalSection(SolutionConfigurationPlatforms) = preSolution
		Debug|Any CPU = Debug|Any CPU
		Release|Any CPU = Release|Any CPU
	EndGlobalSection
	GlobalSection(ProjectConfigurationPlatforms) = postSolution
		{87666C55-670B-4468-9977-148EA79F1593}.Debug|Any CPU.ActiveCfg = Debug|Any CPU
		{87666C55-670B-4468-9977-148EA79F1593}.Debug|Any CPU.Build.0 = Debug|Any CPU
		{87666C55-670B-4468-9977-148EA79F1593}.Release|Any CPU.ActiveCfg = Release|Any CPU
		{87666C55-670B-4468-9977-148EA79F1593}.Release|Any CPU.Build.0 = Release|Any CPU
		{12357D34-2A02-1ECD-BC6C-D84ADDC1A72E}.Debug|Any CPU.ActiveCfg = Debug|Any CPU
		{12357D34-2A02-1ECD-BC6C-D84ADDC1A72E}.Debug|Any CPU.Build.0 = Debug|Any CPU
		{12357D34-2A02-1ECD-BC6C-D84ADDC1A72E}.Release|Any CPU.ActiveCfg = Release|Any CPU
		{12357D34-2A02-1ECD-BC6C-D84ADDC1A72E}.Release|Any CPU.Build.0 = Release|Any CPU
		{5875EBB1-01BE-2D17-3613-D0BAD09CBB40}.Debug|Any CPU.ActiveCfg = Debug|Any CPU
		{5875EBB1-01BE-2D17-3613-D0BAD09CBB40}.Debug|Any CPU.Build.0 = Debug|Any CPU
		{5875EBB1-01BE-2D17-3613-D0BAD09CBB40}.Release|Any CPU.ActiveCfg = Release|Any CPU
		{5875EBB1-01BE-2D17-3613-D0BAD09CBB40}.Release|Any CPU.Build.0 = Release|Any CPU
		{2B54F4BC-482B-4690-AC59-A78C66CFDDA5}.Debug|Any CPU.ActiveCfg = Debug|Any CPU
		{2B54F4BC-482B-4690-AC59-A78C66CFDDA5}.Debug|Any CPU.Build.0 = Debug|Any CPU
		{2B54F4BC-482B-4690-AC59-A78C66CFDDA5}.Release|Any CPU.ActiveCfg = Release|Any CPU
		{2B54F4BC-482B-4690-AC59-A78C66CFDDA5}.Release|Any CPU.Build.0 = Release|Any CPU
	EndGlobalSection
	GlobalSection(SolutionProperties) = preSolution
		HideSolutionNode = FALSE
	EndGlobalSection
	GlobalSection(ExtensibilityGlobals) = postSolution
		SolutionGuid = {6FE366CB-C2AB-4FB3-A81B-70288DE657CF}
	EndGlobalSection
EndGlobal
